// !$*UTF8*$!
{
	archiveVersion = 1;
	classes = {
	};
	objectVersion = 50;
	objects = {

/* Begin PBXBuildFile section */
		BF521918233696750066B3E3 /* AppDelegate.swift in Sources */ = {isa = PBXBuildFile; fileRef = BF521917233696750066B3E3 /* AppDelegate.swift */; };
		BF52191A233696750066B3E3 /* ViewController.swift in Sources */ = {isa = PBXBuildFile; fileRef = BF521919233696750066B3E3 /* ViewController.swift */; };
		BF52191D233696750066B3E3 /* Main.storyboard in Resources */ = {isa = PBXBuildFile; fileRef = BF52191B233696750066B3E3 /* Main.storyboard */; };
		BF52191F233696760066B3E3 /* Assets.xcassets in Resources */ = {isa = PBXBuildFile; fileRef = BF52191E233696760066B3E3 /* Assets.xcassets */; };
		BF521922233696760066B3E3 /* LaunchScreen.storyboard in Resources */ = {isa = PBXBuildFile; fileRef = BF521920233696760066B3E3 /* LaunchScreen.storyboard */; };
		BF52192D233696760066B3E3 /* IUE_Worksheet2Tests.swift in Sources */ = {isa = PBXBuildFile; fileRef = BF52192C233696760066B3E3 /* IUE_Worksheet2Tests.swift */; };
		BF521938233696760066B3E3 /* IUE_Worksheet2UITests.swift in Sources */ = {isa = PBXBuildFile; fileRef = BF521937233696760066B3E3 /* IUE_Worksheet2UITests.swift */; };
		BF5219462336AF160066B3E3 /* HomeViewController.swift in Sources */ = {isa = PBXBuildFile; fileRef = BF5219452336AF160066B3E3 /* HomeViewController.swift */; };
/* End PBXBuildFile section */

/* Begin PBXContainerItemProxy section */
		BF521929233696760066B3E3 /* PBXContainerItemProxy */ = {
			isa = PBXContainerItemProxy;
			containerPortal = BF52190C233696750066B3E3 /* Project object */;
			proxyType = 1;
			remoteGlobalIDString = BF521913233696750066B3E3;
			remoteInfo = "IUE-Worksheet2";
		};
		BF521934233696760066B3E3 /* PBXContainerItemProxy */ = {
			isa = PBXContainerItemProxy;
			containerPortal = BF52190C233696750066B3E3 /* Project object */;
			proxyType = 1;
			remoteGlobalIDString = BF521913233696750066B3E3;
			remoteInfo = "IUE-Worksheet2";
		};
/* End PBXContainerItemProxy section */

/* Begin PBXFileReference section */
		BF521914233696750066B3E3 /* IUE-Worksheet2.app */ = {isa = PBXFileReference; explicitFileType = wrapper.application; includeInIndex = 0; path = "IUE-Worksheet2.app"; sourceTree = BUILT_PRODUCTS_DIR; };
		BF521917233696750066B3E3 /* AppDelegate.swift */ = {isa = PBXFileReference; lastKnownFileType = sourcecode.swift; path = AppDelegate.swift; sourceTree = "<group>"; };
		BF521919233696750066B3E3 /* ViewController.swift */ = {isa = PBXFileReference; lastKnownFileType = sourcecode.swift; path = ViewController.swift; sourceTree = "<group>"; };
		BF52191C233696750066B3E3 /* Base */ = {isa = PBXFileReference; lastKnownFileType = file.storyboard; name = Base; path = Base.lproj/Main.storyboard; sourceTree = "<group>"; };
		BF52191E233696760066B3E3 /* Assets.xcassets */ = {isa = PBXFileReference; lastKnownFileType = folder.assetcatalog; path = Assets.xcassets; sourceTree = "<group>"; };
		BF521921233696760066B3E3 /* Base */ = {isa = PBXFileReference; lastKnownFileType = file.storyboard; name = Base; path = Base.lproj/LaunchScreen.storyboard; sourceTree = "<group>"; };
		BF521923233696760066B3E3 /* Info.plist */ = {isa = PBXFileReference; lastKnownFileType = text.plist.xml; path = Info.plist; sourceTree = "<group>"; };
		BF521928233696760066B3E3 /* IUE-Worksheet2Tests.xctest */ = {isa = PBXFileReference; explicitFileType = wrapper.cfbundle; includeInIndex = 0; path = "IUE-Worksheet2Tests.xctest"; sourceTree = BUILT_PRODUCTS_DIR; };
		BF52192C233696760066B3E3 /* IUE_Worksheet2Tests.swift */ = {isa = PBXFileReference; lastKnownFileType = sourcecode.swift; path = IUE_Worksheet2Tests.swift; sourceTree = "<group>"; };
		BF52192E233696760066B3E3 /* Info.plist */ = {isa = PBXFileReference; lastKnownFileType = text.plist.xml; path = Info.plist; sourceTree = "<group>"; };
		BF521933233696760066B3E3 /* IUE-Worksheet2UITests.xctest */ = {isa = PBXFileReference; explicitFileType = wrapper.cfbundle; includeInIndex = 0; path = "IUE-Worksheet2UITests.xctest"; sourceTree = BUILT_PRODUCTS_DIR; };
		BF521937233696760066B3E3 /* IUE_Worksheet2UITests.swift */ = {isa = PBXFileReference; lastKnownFileType = sourcecode.swift; path = IUE_Worksheet2UITests.swift; sourceTree = "<group>"; };
		BF521939233696760066B3E3 /* Info.plist */ = {isa = PBXFileReference; lastKnownFileType = text.plist.xml; path = Info.plist; sourceTree = "<group>"; };
		BF5219452336AF160066B3E3 /* HomeViewController.swift */ = {isa = PBXFileReference; lastKnownFileType = sourcecode.swift; path = HomeViewController.swift; sourceTree = "<group>"; };
/* End PBXFileReference section */

/* Begin PBXFrameworksBuildPhase section */
		BF521911233696750066B3E3 /* Frameworks */ = {
			isa = PBXFrameworksBuildPhase;
			buildActionMask = 2147483647;
			files = (
			);
			runOnlyForDeploymentPostprocessing = 0;
		};
		BF521925233696760066B3E3 /* Frameworks */ = {
			isa = PBXFrameworksBuildPhase;
			buildActionMask = 2147483647;
			files = (
			);
			runOnlyForDeploymentPostprocessing = 0;
		};
		BF521930233696760066B3E3 /* Frameworks */ = {
			isa = PBXFrameworksBuildPhase;
			buildActionMask = 2147483647;
			files = (
			);
			runOnlyForDeploymentPostprocessing = 0;
		};
/* End PBXFrameworksBuildPhase section */

/* Begin PBXGroup section */
		BF52190B233696750066B3E3 = {
			isa = PBXGroup;
			children = (
				BF521916233696750066B3E3 /* IUE-Worksheet2 */,
				BF52192B233696760066B3E3 /* IUE-Worksheet2Tests */,
				BF521936233696760066B3E3 /* IUE-Worksheet2UITests */,
				BF521915233696750066B3E3 /* Products */,
			);
			sourceTree = "<group>";
		};
		BF521915233696750066B3E3 /* Products */ = {
			isa = PBXGroup;
			children = (
				BF521914233696750066B3E3 /* IUE-Worksheet2.app */,
				BF521928233696760066B3E3 /* IUE-Worksheet2Tests.xctest */,
				BF521933233696760066B3E3 /* IUE-Worksheet2UITests.xctest */,
			);
			name = Products;
			sourceTree = "<group>";
		};
		BF521916233696750066B3E3 /* IUE-Worksheet2 */ = {
			isa = PBXGroup;
			children = (
				BF521917233696750066B3E3 /* AppDelegate.swift */,
				BF521919233696750066B3E3 /* ViewController.swift */,
				BF52191B233696750066B3E3 /* Main.storyboard */,
				BF52191E233696760066B3E3 /* Assets.xcassets */,
				BF521920233696760066B3E3 /* LaunchScreen.storyboard */,
				BF521923233696760066B3E3 /* Info.plist */,
				BF5219452336AF160066B3E3 /* HomeViewController.swift */,
			);
			path = "IUE-Worksheet2";
			sourceTree = "<group>";
		};
		BF52192B233696760066B3E3 /* IUE-Worksheet2Tests */ = {
			isa = PBXGroup;
			children = (
				BF52192C233696760066B3E3 /* IUE_Worksheet2Tests.swift */,
				BF52192E233696760066B3E3 /* Info.plist */,
			);
			path = "IUE-Worksheet2Tests";
			sourceTree = "<group>";
		};
		BF521936233696760066B3E3 /* IUE-Worksheet2UITests */ = {
			isa = PBXGroup;
			children = (
				BF521937233696760066B3E3 /* IUE_Worksheet2UITests.swift */,
				BF521939233696760066B3E3 /* Info.plist */,
			);
			path = "IUE-Worksheet2UITests";
			sourceTree = "<group>";
		};
/* End PBXGroup section */

/* Begin PBXNativeTarget section */
		BF521913233696750066B3E3 /* IUE-Worksheet2 */ = {
			isa = PBXNativeTarget;
			buildConfigurationList = BF52193C233696760066B3E3 /* Build configuration list for PBXNativeTarget "IUE-Worksheet2" */;
			buildPhases = (
				BF521910233696750066B3E3 /* Sources */,
				BF521911233696750066B3E3 /* Frameworks */,
				BF521912233696750066B3E3 /* Resources */,
			);
			buildRules = (
			);
			dependencies = (
			);
			name = "IUE-Worksheet2";
			productName = "IUE-Worksheet2";
			productReference = BF521914233696750066B3E3 /* IUE-Worksheet2.app */;
			productType = "com.apple.product-type.application";
		};
		BF521927233696760066B3E3 /* IUE-Worksheet2Tests */ = {
			isa = PBXNativeTarget;
			buildConfigurationList = BF52193F233696760066B3E3 /* Build configuration list for PBXNativeTarget "IUE-Worksheet2Tests" */;
			buildPhases = (
				BF521924233696760066B3E3 /* Sources */,
				BF521925233696760066B3E3 /* Frameworks */,
				BF521926233696760066B3E3 /* Resources */,
			);
			buildRules = (
			);
			dependencies = (
				BF52192A233696760066B3E3 /* PBXTargetDependency */,
			);
			name = "IUE-Worksheet2Tests";
			productName = "IUE-Worksheet2Tests";
			productReference = BF521928233696760066B3E3 /* IUE-Worksheet2Tests.xctest */;
			productType = "com.apple.product-type.bundle.unit-test";
		};
		BF521932233696760066B3E3 /* IUE-Worksheet2UITests */ = {
			isa = PBXNativeTarget;
			buildConfigurationList = BF521942233696760066B3E3 /* Build configuration list for PBXNativeTarget "IUE-Worksheet2UITests" */;
			buildPhases = (
				BF52192F233696760066B3E3 /* Sources */,
				BF521930233696760066B3E3 /* Frameworks */,
				BF521931233696760066B3E3 /* Resources */,
			);
			buildRules = (
			);
			dependencies = (
				BF521935233696760066B3E3 /* PBXTargetDependency */,
			);
			name = "IUE-Worksheet2UITests";
			productName = "IUE-Worksheet2UITests";
			productReference = BF521933233696760066B3E3 /* IUE-Worksheet2UITests.xctest */;
			productType = "com.apple.product-type.bundle.ui-testing";
		};
/* End PBXNativeTarget section */

/* Begin PBXProject section */
		BF52190C233696750066B3E3 /* Project object */ = {
			isa = PBXProject;
			attributes = {
				LastSwiftUpdateCheck = 1030;
				LastUpgradeCheck = 1030;
				ORGANIZATIONNAME = "João Ramos";
				TargetAttributes = {
					BF521913233696750066B3E3 = {
						CreatedOnToolsVersion = 10.3;
					};
					BF521927233696760066B3E3 = {
						CreatedOnToolsVersion = 10.3;
						TestTargetID = BF521913233696750066B3E3;
					};
					BF521932233696760066B3E3 = {
						CreatedOnToolsVersion = 10.3;
						TestTargetID = BF521913233696750066B3E3;
					};
				};
			};
			buildConfigurationList = BF52190F233696750066B3E3 /* Build configuration list for PBXProject "IUE-Worksheet2" */;
			compatibilityVersion = "Xcode 9.3";
			developmentRegion = en;
			hasScannedForEncodings = 0;
			knownRegions = (
				en,
				Base,
			);
			mainGroup = BF52190B233696750066B3E3;
			productRefGroup = BF521915233696750066B3E3 /* Products */;
			projectDirPath = "";
			projectRoot = "";
			targets = (
				BF521913233696750066B3E3 /* IUE-Worksheet2 */,
				BF521927233696760066B3E3 /* IUE-Worksheet2Tests */,
				BF521932233696760066B3E3 /* IUE-Worksheet2UITests */,
			);
		};
/* End PBXProject section */

/* Begin PBXResourcesBuildPhase section */
		BF521912233696750066B3E3 /* Resources */ = {
			isa = PBXResourcesBuildPhase;
			buildActionMask = 2147483647;
			files = (
				BF521922233696760066B3E3 /* LaunchScreen.storyboard in Resources */,
				BF52191F233696760066B3E3 /* Assets.xcassets in Resources */,
				BF52191D233696750066B3E3 /* Main.storyboard in Resources */,
			);
			runOnlyForDeploymentPostprocessing = 0;
		};
		BF521926233696760066B3E3 /* Resources */ = {
			isa = PBXResourcesBuildPhase;
			buildActionMask = 2147483647;
			files = (
			);
			runOnlyForDeploymentPostprocessing = 0;
		};
		BF521931233696760066B3E3 /* Resources */ = {
			isa = PBXResourcesBuildPhase;
			buildActionMask = 2147483647;
			files = (
			);
			runOnlyForDeploymentPostprocessing = 0;
		};
/* End PBXResourcesBuildPhase section */

/* Begin PBXSourcesBuildPhase section */
		BF521910233696750066B3E3 /* Sources */ = {
			isa = PBXSourcesBuildPhase;
			buildActionMask = 2147483647;
			files = (
				BF52191A233696750066B3E3 /* ViewController.swift in Sources */,
				BF521918233696750066B3E3 /* AppDelegate.swift in Sources */,
				BF5219462336AF160066B3E3 /* HomeViewController.swift in Sources */,
			);
			runOnlyForDeploymentPostprocessing = 0;
		};
		BF521924233696760066B3E3 /* Sources */ = {
			isa = PBXSourcesBuildPhase;
			buildActionMask = 2147483647;
			files = (
				BF52192D233696760066B3E3 /* IUE_Worksheet2Tests.swift in Sources */,
			);
			runOnlyForDeploymentPostprocessing = 0;
		};
		BF52192F233696760066B3E3 /* Sources */ = {
			isa = PBXSourcesBuildPhase;
			buildActionMask = 2147483647;
			files = (
				BF521938233696760066B3E3 /* IUE_Worksheet2UITests.swift in Sources */,
			);
			runOnlyForDeploymentPostprocessing = 0;
		};
/* End PBXSourcesBuildPhase section */

/* Begin PBXTargetDependency section */
		BF52192A233696760066B3E3 /* PBXTargetDependency */ = {
			isa = PBXTargetDependency;
			target = BF521913233696750066B3E3 /* IUE-Worksheet2 */;
			targetProxy = BF521929233696760066B3E3 /* PBXContainerItemProxy */;
		};
		BF521935233696760066B3E3 /* PBXTargetDependency */ = {
			isa = PBXTargetDependency;
			target = BF521913233696750066B3E3 /* IUE-Worksheet2 */;
			targetProxy = BF521934233696760066B3E3 /* PBXContainerItemProxy */;
		};
/* End PBXTargetDependency section */

/* Begin PBXVariantGroup section */
		BF52191B233696750066B3E3 /* Main.storyboard */ = {
			isa = PBXVariantGroup;
			children = (
				BF52191C233696750066B3E3 /* Base */,
			);
			name = Main.storyboard;
			sourceTree = "<group>";
		};
		BF521920233696760066B3E3 /* LaunchScreen.storyboard */ = {
			isa = PBXVariantGroup;
			children = (
				BF521921233696760066B3E3 /* Base */,
			);
			name = LaunchScreen.storyboard;
			sourceTree = "<group>";
		};
/* End PBXVariantGroup section */

/* Begin XCBuildConfiguration section */
		BF52193A233696760066B3E3 /* Debug */ = {
			isa = XCBuildConfiguration;
			buildSettings = {
				ALWAYS_SEARCH_USER_PATHS = NO;
				CLANG_ANALYZER_NONNULL = YES;
				CLANG_ANALYZER_NUMBER_OBJECT_CONVERSION = YES_AGGRESSIVE;
				CLANG_CXX_LANGUAGE_STANDARD = "gnu++14";
				CLANG_CXX_LIBRARY = "libc++";
				CLANG_ENABLE_MODULES = YES;
				CLANG_ENABLE_OBJC_ARC = YES;
				CLANG_ENABLE_OBJC_WEAK = YES;
				CLANG_WARN_BLOCK_CAPTURE_AUTORELEASING = YES;
				CLANG_WARN_BOOL_CONVERSION = YES;
				CLANG_WARN_COMMA = YES;
				CLANG_WARN_CONSTANT_CONVERSION = YES;
				CLANG_WARN_DEPRECATED_OBJC_IMPLEMENTATIONS = YES;
				CLANG_WARN_DIRECT_OBJC_ISA_USAGE = YES_ERROR;
				CLANG_WARN_DOCUMENTATION_COMMENTS = YES;
				CLANG_WARN_EMPTY_BODY = YES;
				CLANG_WARN_ENUM_CONVERSION = YES;
				CLANG_WARN_INFINITE_RECURSION = YES;
				CLANG_WARN_INT_CONVERSION = YES;
				CLANG_WARN_NON_LITERAL_NULL_CONVERSION = YES;
				CLANG_WARN_OBJC_IMPLICIT_RETAIN_SELF = YES;
				CLANG_WARN_OBJC_LITERAL_CONVERSION = YES;
				CLANG_WARN_OBJC_ROOT_CLASS = YES_ERROR;
				CLANG_WARN_RANGE_LOOP_ANALYSIS = YES;
				CLANG_WARN_STRICT_PROTOTYPES = YES;
				CLANG_WARN_SUSPICIOUS_MOVE = YES;
				CLANG_WARN_UNGUARDED_AVAILABILITY = YES_AGGRESSIVE;
				CLANG_WARN_UNREACHABLE_CODE = YES;
				CLANG_WARN__DUPLICATE_METHOD_MATCH = YES;
				CODE_SIGN_IDENTITY = "iPhone Developer";
				COPY_PHASE_STRIP = NO;
				DEBUG_INFORMATION_FORMAT = dwarf;
				ENABLE_STRICT_OBJC_MSGSEND = YES;
				ENABLE_TESTABILITY = YES;
				GCC_C_LANGUAGE_STANDARD = gnu11;
				GCC_DYNAMIC_NO_PIC = NO;
				GCC_NO_COMMON_BLOCKS = YES;
				GCC_OPTIMIZATION_LEVEL = 0;
				GCC_PREPROCESSOR_DEFINITIONS = (
					"DEBUG=1",
					"$(inherited)",
				);
				GCC_WARN_64_TO_32_BIT_CONVERSION = YES;
				GCC_WARN_ABOUT_RETURN_TYPE = YES_ERROR;
				GCC_WARN_UNDECLARED_SELECTOR = YES;
				GCC_WARN_UNINITIALIZED_AUTOS = YES_AGGRESSIVE;
				GCC_WARN_UNUSED_FUNCTION = YES;
				GCC_WARN_UNUSED_VARIABLE = YES;
				IPHONEOS_DEPLOYMENT_TARGET = 12.4;
				MTL_ENABLE_DEBUG_INFO = INCLUDE_SOURCE;
				MTL_FAST_MATH = YES;
				ONLY_ACTIVE_ARCH = YES;
				SDKROOT = iphoneos;
				SWIFT_ACTIVE_COMPILATION_CONDITIONS = DEBUG;
				SWIFT_OPTIMIZATION_LEVEL = "-Onone";
			};
			name = Debug;
		};
		BF52193B233696760066B3E3 /* Release */ = {
			isa = XCBuildConfiguration;
			buildSettings = {
				ALWAYS_SEARCH_USER_PATHS = NO;
				CLANG_ANALYZER_NONNULL = YES;
				CLANG_ANALYZER_NUMBER_OBJECT_CONVERSION = YES_AGGRESSIVE;
				CLANG_CXX_LANGUAGE_STANDARD = "gnu++14";
				CLANG_CXX_LIBRARY = "libc++";
				CLANG_ENABLE_MODULES = YES;
				CLANG_ENABLE_OBJC_ARC = YES;
				CLANG_ENABLE_OBJC_WEAK = YES;
				CLANG_WARN_BLOCK_CAPTURE_AUTORELEASING = YES;
				CLANG_WARN_BOOL_CONVERSION = YES;
				CLANG_WARN_COMMA = YES;
				CLANG_WARN_CONSTANT_CONVERSION = YES;
				CLANG_WARN_DEPRECATED_OBJC_IMPLEMENTATIONS = YES;
				CLANG_WARN_DIRECT_OBJC_ISA_USAGE = YES_ERROR;
				CLANG_WARN_DOCUMENTATION_COMMENTS = YES;
				CLANG_WARN_EMPTY_BODY = YES;
				CLANG_WARN_ENUM_CONVERSION = YES;
				CLANG_WARN_INFINITE_RECURSION = YES;
				CLANG_WARN_INT_CONVERSION = YES;
				CLANG_WARN_NON_LITERAL_NULL_CONVERSION = YES;
				CLANG_WARN_OBJC_IMPLICIT_RETAIN_SELF = YES;
				CLANG_WARN_OBJC_LITERAL_CONVERSION = YES;
				CLANG_WARN_OBJC_ROOT_CLASS = YES_ERROR;
				CLANG_WARN_RANGE_LOOP_ANALYSIS = YES;
				CLANG_WARN_STRICT_PROTOTYPES = YES;
				CLANG_WARN_SUSPICIOUS_MOVE = YES;
				CLANG_WARN_UNGUARDED_AVAILABILITY = YES_AGGRESSIVE;
				CLANG_WARN_UNREACHABLE_CODE = YES;
				CLANG_WARN__DUPLICATE_METHOD_MATCH = YES;
				CODE_SIGN_IDENTITY = "iPhone Developer";
				COPY_PHASE_STRIP = NO;
				DEBUG_INFORMATION_FORMAT = "dwarf-with-dsym";
				ENABLE_NS_ASSERTIONS = NO;
				ENABLE_STRICT_OBJC_MSGSEND = YES;
				GCC_C_LANGUAGE_STANDARD = gnu11;
				GCC_NO_COMMON_BLOCKS = YES;
				GCC_WARN_64_TO_32_BIT_CONVERSION = YES;
				GCC_WARN_ABOUT_RETURN_TYPE = YES_ERROR;
				GCC_WARN_UNDECLARED_SELECTOR = YES;
				GCC_WARN_UNINITIALIZED_AUTOS = YES_AGGRESSIVE;
				GCC_WARN_UNUSED_FUNCTION = YES;
				GCC_WARN_UNUSED_VARIABLE = YES;
				IPHONEOS_DEPLOYMENT_TARGET = 12.4;
				MTL_ENABLE_DEBUG_INFO = NO;
				MTL_FAST_MATH = YES;
				SDKROOT = iphoneos;
				SWIFT_COMPILATION_MODE = wholemodule;
				SWIFT_OPTIMIZATION_LEVEL = "-O";
				VALIDATE_PRODUCT = YES;
			};
			name = Release;
		};
		BF52193D233696760066B3E3 /* Debug */ = {
			isa = XCBuildConfiguration;
			buildSettings = {
				ASSETCATALOG_COMPILER_APPICON_NAME = AppIcon;
				CODE_SIGN_STYLE = Automatic;
				DEVELOPMENT_TEAM = BRT57ZAX67;
				INFOPLIST_FILE = "IUE-Worksheet2/Info.plist";
				LD_RUNPATH_SEARCH_PATHS = (
					"$(inherited)",
					"@executable_path/Frameworks",
				);
				PRODUCT_BUNDLE_IDENTIFIER = "pt.ipleiria.estg.IUE-Worksheet2";
				PRODUCT_NAME = "$(TARGET_NAME)";
				SWIFT_VERSION = 5.0;
				TARGETED_DEVICE_FAMILY = "1,2";
			};
			name = Debug;
		};
		BF52193E233696760066B3E3 /* Release */ = {
			isa = XCBuildConfiguration;
			buildSettings = {
				ASSETCATALOG_COMPILER_APPICON_NAME = AppIcon;
				CODE_SIGN_STYLE = Automatic;
				DEVELOPMENT_TEAM = BRT57ZAX67;
				INFOPLIST_FILE = "IUE-Worksheet2/Info.plist";
				LD_RUNPATH_SEARCH_PATHS = (
					"$(inherited)",
					"@executable_path/Frameworks",
				);
				PRODUCT_BUNDLE_IDENTIFIER = "pt.ipleiria.estg.IUE-Worksheet2";
				PRODUCT_NAME = "$(TARGET_NAME)";
				SWIFT_VERSION = 5.0;
				TARGETED_DEVICE_FAMILY = "1,2";
			};
			name = Release;
		};
		BF521940233696760066B3E3 /* Debug */ = {
			isa = XCBuildConfiguration;
			buildSettings = {
				ALWAYS_EMBED_SWIFT_STANDARD_LIBRARIES = YES;
				BUNDLE_LOADER = "$(TEST_HOST)";
				CODE_SIGN_STYLE = Automatic;
				DEVELOPMENT_TEAM = BRT57ZAX67;
				INFOPLIST_FILE = "IUE-Worksheet2Tests/Info.plist";
				LD_RUNPATH_SEARCH_PATHS = (
					"$(inherited)",
					"@executable_path/Frameworks",
					"@loader_path/Frameworks",
				);
				PRODUCT_BUNDLE_IDENTIFIER = "pt.ipleiria.estg.IUE-Worksheet2Tests";
				PRODUCT_NAME = "$(TARGET_NAME)";
				SWIFT_VERSION = 5.0;
				TARGETED_DEVICE_FAMILY = "1,2";
				TEST_HOST = "$(BUILT_PRODUCTS_DIR)/IUE-Worksheet2.app/IUE-Worksheet2";
			};
			name = Debug;
		};
		BF521941233696760066B3E3 /* Release */ = {
			isa = XCBuildConfiguration;
			buildSettings = {
				ALWAYS_EMBED_SWIFT_STANDARD_LIBRARIES = YES;
				BUNDLE_LOADER = "$(TEST_HOST)";
				CODE_SIGN_STYLE = Automatic;
				DEVELOPMENT_TEAM = BRT57ZAX67;
				INFOPLIST_FILE = "IUE-Worksheet2Tests/Info.plist";
				LD_RUNPATH_SEARCH_PATHS = (
					"$(inherited)",
					"@executable_path/Frameworks",
					"@loader_path/Frameworks",
				);
				PRODUCT_BUNDLE_IDENTIFIER = "pt.ipleiria.estg.IUE-Worksheet2Tests";
				PRODUCT_NAME = "$(TARGET_NAME)";
				SWIFT_VERSION = 5.0;
				TARGETED_DEVICE_FAMILY = "1,2";
				TEST_HOST = "$(BUILT_PRODUCTS_DIR)/IUE-Worksheet2.app/IUE-Worksheet2";
			};
			name = Release;
		};
		BF521943233696760066B3E3 /* Debug */ = {
			isa = XCBuildConfiguration;
			buildSettings = {
				ALWAYS_EMBED_SWIFT_STANDARD_LIBRARIES = YES;
				CODE_SIGN_STYLE = Automatic;
				DEVELOPMENT_TEAM = BRT57ZAX67;
				INFOPLIST_FILE = "IUE-Worksheet2UITests/Info.plist";
				LD_RUNPATH_SEARCH_PATHS = (
					"$(inherited)",
					"@executable_path/Frameworks",
					"@loader_path/Frameworks",
				);
				PRODUCT_BUNDLE_IDENTIFIER = "pt.ipleiria.estg.IUE-Worksheet2UITests";
				PRODUCT_NAME = "$(TARGET_NAME)";
				SWIFT_VERSION = 5.0;
				TARGETED_DEVICE_FAMILY = "1,2";
				TEST_TARGET_NAME = "IUE-Worksheet2";
			};
			name = Debug;
		};
		BF521944233696760066B3E3 /* Release */ = {
			isa = XCBuildConfiguration;
			buildSettings = {
				ALWAYS_EMBED_SWIFT_STANDARD_LIBRARIES = YES;
				CODE_SIGN_STYLE = Automatic;
				DEVELOPMENT_TEAM = BRT57ZAX67;
				INFOPLIST_FILE = "IUE-Worksheet2UITests/Info.plist";
				LD_RUNPATH_SEARCH_PATHS = (
					"$(inherited)",
					"@executable_path/Frameworks",
					"@loader_path/Frameworks",
				);
				PRODUCT_BUNDLE_IDENTIFIER = "pt.ipleiria.estg.IUE-Worksheet2UITests";
				PRODUCT_NAME = "$(TARGET_NAME)";
				SWIFT_VERSION = 5.0;
				TARGETED_DEVICE_FAMILY = "1,2";
				TEST_TARGET_NAME = "IUE-Worksheet2";
			};
			name = Release;
		};
/* End XCBuildConfiguration section */

/* Begin XCConfigurationList section */
		BF52190F233696750066B3E3 /* Build configuration list for PBXProject "IUE-Worksheet2" */ = {
			isa = XCConfigurationList;
			buildConfigurations = (
				BF52193A233696760066B3E3 /* Debug */,
				BF52193B233696760066B3E3 /* Release */,
			);
			defaultConfigurationIsVisible = 0;
			defaultConfigurationName = Release;
		};
		BF52193C233696760066B3E3 /* Build configuration list for PBXNativeTarget "IUE-Worksheet2" */ = {
			isa = XCConfigurationList;
			buildConfigurations = (
				BF52193D233696760066B3E3 /* Debug */,
				BF52193E233696760066B3E3 /* Release */,
			);
			defaultConfigurationIsVisible = 0;
			defaultConfigurationName = Release;
		};
		BF52193F233696760066B3E3 /* Build configuration list for PBXNativeTarget "IUE-Worksheet2Tests" */ = {
			isa = XCConfigurationList;
			buildConfigurations = (
				BF521940233696760066B3E3 /* Debug */,
				BF521941233696760066B3E3 /* Release */,
			);
			defaultConfigurationIsVisible = 0;
			defaultConfigurationName = Release;
		};
		BF521942233696760066B3E3 /* Build configuration list for PBXNativeTarget "IUE-Worksheet2UITests" */ = {
			isa = XCConfigurationList;
			buildConfigurations = (
				BF521943233696760066B3E3 /* Debug */,
				BF521944233696760066B3E3 /* Release */,
			);
			defaultConfigurationIsVisible = 0;
			defaultConfigurationName = Release;
		};
/* End XCConfigurationList section */
	};
	rootObject = BF52190C233696750066B3E3 /* Project object */;
}
